
Microsoft Visual Studio Solution File, Format Version 12.00
# Visual Studio Version 17
VisualStudioVersion = 17.6.33829.357
MinimumVisualStudioVersion = 10.0.40219.1
Project("{9A19103F-16F7-4668-BE54-9A1E7A4F7556}") = "InterceptorGeneratorSample", "InterceptorGeneratorSample\InterceptorGeneratorSample.csproj", "{077C500B-C19A-403C-BA6B-1711896248ED}"
EndProject
Project("{9A19103F-16F7-4668-BE54-9A1E7A4F7556}") = "TestConsole", "TestConsole\TestConsole.csproj", "{C96DF60D-5880-4E00-BFD7-FE6E37FAB854}"
EndProject
Global
	GlobalSection(SolutionConfigurationPlatforms) = preSolution
		Debug|Any CPU = Debug|Any CPU
		Release|Any CPU = Release|Any CPU
	EndGlobalSection
	GlobalSection(ProjectConfigurationPlatforms) = postSolution
		{077C500B-C19A-403C-BA6B-1711896248ED}.Debug|Any CPU.ActiveCfg = Debug|Any CPU
		{077C500B-C19A-403C-BA6B-1711896248ED}.Debug|Any CPU.Build.0 = Debug|Any CPU
		{077C500B-C19A-403C-BA6B-1711896248ED}.Release|Any CPU.ActiveCfg = Release|Any CPU
		{077C500B-C19A-403C-BA6B-1711896248ED}.Release|Any CPU.Build.0 = Release|Any CPU
		{C96DF60D-5880-4E00-BFD7-FE6E37FAB854}.Debug|Any CPU.ActiveCfg = Debug|Any CPU
		{C96DF60D-5880-4E00-BFD7-FE6E37FAB854}.Debug|Any CPU.Build.0 = Debug|Any CPU
		{C96DF60D-5880-4E00-BFD7-FE6E37FAB854}.Release|Any CPU.ActiveCfg = Release|Any CPU
		{C96DF60D-5880-4E00-BFD7-FE6E37FAB854}.Release|Any CPU.Build.0 = Release|Any CPU
	EndGlobalSection
	GlobalSection(SolutionProperties) = preSolution
		HideSolutionNode = FALSE
	EndGlobalSection
	GlobalSection(ExtensibilityGlobals) = postSolution
		SolutionGuid = {AE0B9D79-6832-49B9-99CB-F1CC4DD042BA}
	EndGlobalSection
EndGlobal
